{
  "version": 2,
  "dependencies": {
    "net10.0-windows7.0": {
      "AvalonEdit": {
        "type": "Direct",
        "requested": "[6.3.1.120, )",
        "resolved": "6.3.1.120",
        "contentHash": "6ASBKPzAg64BLDlFOJo4Ypr1sA/6hB5+TfHLJaZYUSTE0jgxvKlVqKeo/ISTG9qEMxu604qUu6BGugmJkfdrNw=="
      },
      "CommunityToolkit.Mvvm": {
        "type": "Direct",
        "requested": "[8.4.2, )",
        "resolved": "8.4.2",
        "contentHash": "WadCzGEc2U+3e20avRLng4qNtt4zoOGWrdUISqJWrHe3/FSnrYjuM5Sb4yQb09LhkBXrrI4Zt3dLKgRMbItsrg=="
      },
      "DataGridExtensions": {
        "type": "Direct",
        "requested": "[2.9.1, )",
        "resolved": "2.9.1",
        "contentHash": "9nBc1Sm7DwFloQx5PfUhhwNBPFbaBdipm5Inrry0vGy7ZmZK/yNViG5gtwWz081P6E6EAdjA2DoDt59ygN/4fg==",
        "dependencies": {
          "Microsoft.Xaml.Behaviors.Wpf": "1.1.142"
        }
      },
      "Dirkster.AvalonDock.Themes.VS2013": {
        "type": "Direct",
        "requested": "[4.72.1, )",
        "resolved": "4.72.1",
        "contentHash": "g+hcHokgRFSvznqsVWxHxPCrUMxe18MTJjXMRVQJTVNo/Kwx8krdNiRnCSUDkuVtr2z29EtC4QofZhwUB7FS+w==",
        "dependencies": {
          "Dirkster.AvalonDock": "4.72.1"
        }
      },
      "McMaster.Extensions.CommandLineUtils": {
        "type": "Direct",
        "requested": "[5.1.0, )",
        "resolved": "5.1.0",
        "contentHash": "YceiKmxdsBrlkAJpmJ2N8XkLyAH01xLsm4VLfjNp5MvtAom2wflZtEBz3CLMQret6Z7jSh3oBO1ULF1Is0tNxA=="
      },
      "Microsoft.DiaSymReader": {
        "type": "Direct",
        "requested": "[1.4.0, )",
        "resolved": "1.4.0",
        "contentHash": "iLtWq5/W5ePzSraavAFeXAbasE6REDByizTz6M8yQO3e4jf+6pRqPLdNCSvnSfKRVqsF7y/lTVWhqlf89ttweg==",
        "dependencies": {
          "NETStandard.Library": "1.6.1"
        }
      },
      "Microsoft.DiaSymReader.Converter.Xml": {
        "type": "Direct",
        "requested": "[1.1.0-beta2-22171-02, )",
        "resolved": "1.1.0-beta2-22171-02",
        "contentHash": "Ixyqx+J0j/GXv87Yr4kJ79vkuQKOyMdZJtSQDEVUWheEXaQClYIn+jKwFIvZTFrIHqb+Iua2U46qj6DzQkT2uQ==",
        "dependencies": {
          "Microsoft.DiaSymReader": "1.4.0-beta2-21528-01",
          "Microsoft.DiaSymReader.Native": "17.0.0-beta1.21524.1",
          "Microsoft.DiaSymReader.PortablePdb": "1.7.0-beta-21525-03"
        }
      },
      "Microsoft.DiaSymReader.Native": {
        "type": "Direct",
        "requested": "[17.0.0-beta1.21524.1, )",
        "resolved": "17.0.0-beta1.21524.1",
        "contentHash": "bddH6yTHLUhIDC159WqQR1zyoO5HUyLv0kP7O7kAy2kZIlQSKwhdMn80BPbO/zbcMaURLe/7WAtimG5Nq+qevA=="
      },
      "Microsoft.Extensions.DependencyInjection.Abstractions": {
        "type": "Direct",
        "requested": "[10.0.11, )",
        "resolved": "10.0.11",
        "contentHash": "/a1aJz4m7ylhEDf25ugQChLQoN5XwoGjWw/BoR/ZWWKsO1v4DdJElS1uyngahz4B/eOzjFk1KNTkarRLE5wsIg=="
      },
      "Microsoft.Xaml.Behaviors.Wpf": {
        "type": "Direct",
        "requested": "[1.1.142, )",
        "resolved": "1.1.142",
        "contentHash": "c47wA/8GHiQ9w+O6+mdqrZhZrxHogx2/fSZyRKL9tz0k+ypoTiwOx6fID0X3jr5LnCazJbCk7KiAcL0zVnNgNA=="
      },
      "NuGet.Frameworks": {
        "type": "Direct",
        "requested": "[7.9.0, )",
        "resolved": "7.9.0",
        "contentHash": "w2adPmgUafmW9ON1MzDjuHmViN0vtiPV48Dz3OE6px8BiGSqrnWHOjwFEPOEPAZx20J1c7bxp90Hxo9l4xGWtw=="
      },
      "System.Net.Http": {
        "type": "Direct",
        "requested": "[4.3.4, )",
        "resolved": "4.3.4",
        "contentHash": "aOa2d51SEbmM+H+Csw7yJOuNZoHkrP2XnAurye5HWYgGVVU54YZDvsLUYRv6h18X3sPnjNCANmN7ZhIPiqMcjA==",
        "dependencies": {
          "Microsoft.NETCore.Platforms": "1.1.1",
          "runtime.native.System": "4.3.0",
          "runtime.native.System.Net.Http": "4.3.0",
          "runtime.native.System.Security.Cryptography.OpenSsl": "4.3.2"
        }
      },
      "System.Private.Uri": {
        "type": "Direct",
        "requested": "[4.3.2, )",
        "resolved": "4.3.2",
        "contentHash": "o1+7RJnu3Ik3PazR7Z7tJhjPdE000Eq2KGLLWhqJJKXj04wrS8lwb1OFtDF9jzXXADhUuZNJZlPc98uwwqmpFA==",
        "dependencies": {
          "Microsoft.NETCore.Platforms": "1.1.1",
          "Microsoft.NETCore.Targets": "1.1.3"
        }
      },
      "System.Text.RegularExpressions": {
        "type": "Direct",
        "requested": "[4.3.1, )",
        "resolved": "4.3.1",
        "contentHash": "N0kNRrWe4+nXOWlpLT4LAY5brb8caNFlUuIRpraCVMDLYutKkol1aV079rQjLuSxKMJT2SpBQsYX9xbcTMmzwg=="
      },
      "TomsToolbox.Composition.Analyzer": {
        "type": "Direct",
        "requested": "[2.24.0, )",
        "resolved": "2.24.0",
        "contentHash": "dKHqW1MeAMnDIbtx8qDTsGwy/7LUiQ3ccdzHX0PzCh1r98Lgl/1deIky9+ojZO0K5HjeA7uE+eW9/h+v7EOIBA=="
      },
      "TomsToolbox.Composition.MicrosoftExtensions": {
        "type": "Direct",
        "requested": "[2.24.0, )",
        "resolved": "2.24.0",
        "contentHash": "D/lXZSnm6TjjQj9pbCDVncKG8TFLu/Xm3rV3cDuiGOh3e83mAZn90pPpSy2ZC9yRPHWTZmtUoyY9x63BWheXqg==",
        "dependencies": {
          "Microsoft.Extensions.DependencyInjection": "10.0.7",
          "TomsToolbox.Composition": "2.24.0"
        }
      },
      "TomsToolbox.Wpf.Composition.AttributedModel": {
        "type": "Direct",
        "requested": "[2.24.0, )",
        "resolved": "2.24.0",
        "contentHash": "iWFVGcisI63ygD0/u+l4BqlOH+rWGhtm0f/gWRYFo9ipy4S5hlPHicNsSTNL6UmR9zeE94tpM7dGr4XUNvRRkw==",
        "dependencies": {
          "Microsoft.Xaml.Behaviors.Wpf": "1.1.142",
          "System.Composition.AttributedModel": "8.0.0",
          "TomsToolbox.Wpf.Composition": "2.24.0"
        }
      },
      "TomsToolbox.Wpf.Styles": {
        "type": "Direct",
        "requested": "[2.24.0, )",
        "resolved": "2.24.0",
        "contentHash": "06p8MW3fmlQ7fNs+mnu7/Yk9ktKQjcy78vtW8flvaZCqfcPxYsOtG4X1UtCIJEut4DpbPe+U/UQi01k+MFlGpw==",
        "dependencies": {
          "Microsoft.Xaml.Behaviors.Wpf": "1.1.142",
          "TomsToolbox.Essentials": "2.24.0",
          "TomsToolbox.Wpf": "2.24.0"
        }
      },
      "Dirkster.AvalonDock": {
        "type": "Transitive",
        "resolved": "4.72.1",
        "contentHash": "m5J03HVntDM3eu7GyzLWlNdr2c2TTBAoD33Pq1yCID7vEtk13VVngtlmegp67WUvpL5JUC8G2xU8n+ThZKKz0Q=="
      },
      "Microsoft.DiaSymReader.PortablePdb": {
        "type": "Transitive",
        "resolved": "1.7.0-beta-21525-03",
        "contentHash": "5kthnTSHE9Emo6KpSIAjl4gwpkZKvug67WVLOaJ03H1isIipyom1XPUc/5rh+WlItbI9ZLZPJlMg6kKOb+lxwA==",
        "dependencies": {
          "Microsoft.DiaSymReader": "1.4.0-beta2-21525-04",
          "NETStandard.Library": "1.6.1"
        }
      },
      "Microsoft.Extensions.DependencyInjection": {
        "type": "Transitive",
        "resolved": "10.0.7",
        "contentHash": "91F/o3emPV/+xY/ip3s2LqDNF14kjttlVtq0BXgg6p4MnCzeSZxnUJm+t6WRrtD3JdGo88/oX+z7OwK4y8PZuw==",
        "dependencies": {
          "Microsoft.Extensions.DependencyInjection.Abstractions": "10.0.7"
        }
      },
      "Microsoft.NETCore.Platforms": {
        "type": "Transitive",
        "resolved": "1.1.1",
        "contentHash": "TMBuzAHpTenGbGgk0SMTwyEkyijY/Eae4ZGsFNYJvAr/LDn1ku3Etp3FPxChmDp5HHF3kzJuoaa08N0xjqAJfQ=="
      },
      "Microsoft.NETCore.Targets": {
        "type": "Transitive",
        "resolved": "1.1.3",
        "contentHash": "3Wrmi0kJDzClwAC+iBdUBpEKmEle8FQNsCs77fkiOIw/9oYA07bL1EZNX0kQ2OMN3xpwvl0vAtOCYY3ndDNlhQ=="
      },
      "NETStandard.Library": {
        "type": "Transitive",
        "resolved": "1.6.1",
        "contentHash": "WcSp3+vP+yHNgS8EV5J7pZ9IRpeDuARBPN28by8zqff1wJQXm26PVU8L3/fYLBJVU7BtDyqNVWq2KlCVvSSR4A==",
        "dependencies": {
          "Microsoft.NETCore.Platforms": "1.1.0"
        }
      },
      "runtime.native.System": {
        "type": "Transitive",
        "resolved": "4.3.0",
        "contentHash": "c/qWt2LieNZIj1jGnVNsE2Kl23Ya2aSTBuXMD6V7k9KWr6l16Tqdwq+hJScEpWER9753NWC8h96PaVNY5Ld7Jw==",
        "dependencies": {
          "Microsoft.NETCore.Platforms": "1.1.0",
          "Microsoft.NETCore.Targets": "1.1.0"
        }
      },
      "runtime.native.System.Net.Http": {
        "type": "Transitive",
        "resolved": "4.3.0",
        "contentHash": "ZVuZJqnnegJhd2k/PtAbbIcZ3aZeITq3sj06oKfMBSfphW3HDmk/t4ObvbOk/JA/swGR0LNqMksAh/f7gpTROg==",
        "dependencies": {
          "Microsoft.NETCore.Platforms": "1.1.0",
          "Microsoft.NETCore.Targets": "1.1.0"
        }
      },
      "runtime.native.System.Security.Cryptography.OpenSsl": {
        "type": "Transitive",
        "resolved": "4.3.2",
        "contentHash": "QR1OwtwehHxSeQvZKXe+iSd+d3XZNkEcuWMFYa2i0aG1l+lR739HPicKMlTbJst3spmeekDVBUS7SeS26s4U/g=="
      },
      "TomsToolbox.Composition": {
        "type": "Transitive",
        "resolved": "2.24.0",
        "contentHash": "3Hp/QAHiCFFPKH7wHsZ2mFZR6WGzvQIMbhbFv5hIzcIjzl2QaYtSDKvhkX6xAySUrNnQ/Mdnlck1OCeIRR9BXw==",
        "dependencies": {
          "TomsToolbox.Essentials": "2.24.0"
        }
      },
      "TomsToolbox.Essentials": {
        "type": "Transitive",
        "resolved": "2.24.0",
        "contentHash": "2XMxVR13PVybOlzaWq6hT1Db61Z5q5MxUleE9NcFNFUhvdRKaTYW7XHHpBybgfCNslrRyRzzA9E+YYQeu44pJw=="
      },
      "TomsToolbox.ObservableCollections": {
        "type": "Transitive",
        "resolved": "2.24.0",
        "contentHash": "gdUVIOgWIMo+wpLX35XNoNbXExElIoxLhYT+YhDnKN+sEqOnXom36pjEwAi2e7/SXYVqU498e6CMGIVplsQcZg==",
        "dependencies": {
          "TomsToolbox.Essentials": "2.24.0"
        }
      },
      "TomsToolbox.Wpf": {
        "type": "Transitive",
        "resolved": "2.24.0",
        "contentHash": "v0El2Kdp2W8I0C84N0vb0LarqxVa9R75RRXYA5L85HjDEgl3L0loTRp2pcOtD19eoG7XYmM0ULlsf8UbVdZJZA==",
        "dependencies": {
          "Microsoft.Xaml.Behaviors.Wpf": "1.1.142",
          "TomsToolbox.Essentials": "2.24.0",
          "TomsToolbox.ObservableCollections": "2.24.0"
        }
      },
      "icsharpcode.decompiler": {
        "type": "Project"
      },
      "icsharpcode.ilspyx": {
        "type": "Project",
        "dependencies": {
          "ICSharpCode.Decompiler": "[8.0.0-noversion, )",
          "ICSharpCode.ILSpyX.TreeView": "[1.0.0, )",
          "K4os.Compression.LZ4": "[1.3.8, )",
          "Mono.Cecil": "[0.11.6, )",
          "System.Composition.AttributedModel": "[10.0.11, )"
        }
      },
      "icsharpcode.ilspyx.treeview": {
        "type": "Project"
      },
      "K4os.Compression.LZ4": {
        "type": "CentralTransitive",
        "requested": "[1.3.8, )",
        "resolved": "1.3.8",
        "contentHash": "LhwlPa7c1zs1OV2XadMtAWdImjLIsqFJPoRcIWAadSRn0Ri1DepK65UbWLPmt4riLqx2d40xjXRk0ogpqNtK7g=="
      },
      "Mono.Cecil": {
        "type": "CentralTransitive",
        "requested": "[0.11.6, )",
        "resolved": "0.11.6",
        "contentHash": "f33RkDtZO8VlGXCtmQIviOtxgnUdym9xx/b1p9h91CRGOsJFxCFOFK1FDbVt1OCf1aWwYejUFa2MOQyFWTFjbA=="
      },
      "System.Composition.AttributedModel": {
        "type": "CentralTransitive",
        "requested": "[10.0.11, )",
        "resolved": "10.0.11",
        "contentHash": "pexJp2ogcmngQ0GUg0KNtGRzfDgQ/5ZPNapEJ/EMc4rl2Y528cKPigXGdjajbVtvKfER1Tx/5DY3WRiWUgIH5w=="
      },
      "TomsToolbox.Wpf.Composition": {
        "type": "CentralTransitive",
        "requested": "[2.24.0, )",
        "resolved": "2.24.0",
        "contentHash": "XQx9lh+oOITN0nXklo78iYA7AB7Y5T+WvnjQfTuu2R1/TYowbRxEaEd4DUs107fxnENvqtXyntlbMvrI2TizzQ==",
        "dependencies": {
          "Microsoft.Xaml.Behaviors.Wpf": "1.1.142",
          "TomsToolbox.Composition": "2.24.0",
          "TomsToolbox.Essentials": "2.24.0",
          "TomsToolbox.Wpf": "2.24.0"
        }
      }
    },
    "net10.0-windows7.0/win-arm64": {
      "Microsoft.DiaSymReader.Native": {
        "type": "Direct",
        "requested": "[17.0.0-beta1.21524.1, )",
        "resolved": "17.0.0-beta1.21524.1",
        "contentHash": "bddH6yTHLUhIDC159WqQR1zyoO5HUyLv0kP7O7kAy2kZIlQSKwhdMn80BPbO/zbcMaURLe/7WAtimG5Nq+qevA=="
      },
      "System.Net.Http": {
        "type": "Direct",
        "requested": "[4.3.4, )",
        "resolved": "4.3.4",
        "contentHash": "aOa2d51SEbmM+H+Csw7yJOuNZoHkrP2XnAurye5HWYgGVVU54YZDvsLUYRv6h18X3sPnjNCANmN7ZhIPiqMcjA==",
        "dependencies": {
          "Microsoft.NETCore.Platforms": "1.1.1",
          "runtime.native.System": "4.3.0",
          "runtime.native.System.Net.Http": "4.3.0",
          "runtime.native.System.Security.Cryptography.OpenSsl": "4.3.2"
        }
      }
    },
    "net10.0-windows7.0/win-x64": {
      "Microsoft.DiaSymReader.Native": {
        "type": "Direct",
        "requested": "[17.0.0-beta1.21524.1, )",
        "resolved": "17.0.0-beta1.21524.1",
        "contentHash": "bddH6yTHLUhIDC159WqQR1zyoO5HUyLv0kP7O7kAy2kZIlQSKwhdMn80BPbO/zbcMaURLe/7WAtimG5Nq+qevA=="
      },
      "System.Net.Http": {
        "type": "Direct",
        "requested": "[4.3.4, )",
        "resolved": "4.3.4",
        "contentHash": "aOa2d51SEbmM+H+Csw7yJOuNZoHkrP2XnAurye5HWYgGVVU54YZDvsLUYRv6h18X3sPnjNCANmN7ZhIPiqMcjA==",
        "dependencies": {
          "Microsoft.NETCore.Platforms": "1.1.1",
          "runtime.native.System": "4.3.0",
          "runtime.native.System.Net.Http": "4.3.0",
          "runtime.native.System.Security.Cryptography.OpenSsl": "4.3.2"
        }
      }
    }
  }
}